Microsoft Visual Studio Solution File, Format Version 12.00
# Visual Studio 2012
Project("{FAE04EC0-301F-11D3-BF4B-00C04F79EFBC}") = "Assembly-CSharp-firstpass", "Assembly-CSharp-firstpass.csproj", "{055981D9-379C-9419-79E7-BA4DC540B568}"
EndProject
Project("{FAE04EC0-301F-11D3-BF4B-00C04F79EFBC}") = "Assembly-CSharp", "Assembly-CSharp.csproj", "{1BB02DB1-1E17-B92F-75DD-426D8138DA92}"
EndProject
Global
	GlobalSection(SolutionConfigurationPlatforms) = preSolution
		Debug|Any CPU = Debug|Any CPU
		Release|Any CPU = Release|Any CPU
	EndGlobalSection
	GlobalSection(ProjectConfigurationPlatforms) = postSolution
		{055981D9-379C-9419-79E7-BA4DC540B568}.Debug|Any CPU.ActiveCfg = Debug|Any CPU
		{055981D9-379C-9419-79E7-BA4DC540B568}.Debug|Any CPU.Build.0 = Debug|Any CPU
		{055981D9-379C-9419-79E7-BA4DC540B568}.Release|Any CPU.ActiveCfg = Release|Any CPU
		{055981D9-379C-9419-79E7-BA4DC540B568}.Release|Any CPU.Build.0 = Release|Any CPU
		{1BB02DB1-1E17-B92F-75DD-426D8138DA92}.Debug|Any CPU.ActiveCfg = Debug|Any CPU
		{1BB02DB1-1E17-B92F-75DD-426D8138DA92}.Debug|Any CPU.Build.0 = Debug|Any CPU
		{1BB02DB1-1E17-B92F-75DD-426D8138DA92}.Release|Any CPU.ActiveCfg = Release|Any CPU
		{1BB02DB1-1E17-B92F-75DD-426D8138DA92}.Release|Any CPU.Build.0 = Release|Any CPU
	EndGlobalSection
	GlobalSection(SolutionProperties) = preSolution
		HideSolutionNode = FALSE
	EndGlobalSection
	GlobalSection(MonoDevelopProperties) = preSolution
		StartupItem = Assembly-CSharp.csproj
		Policies = $0
		$0.TextStylePolicy = $1
		$1.FileWidth = 120
		$1.TabsToSpaces = False
		$1.inheritsSet = VisualStudio
		$1.inheritsScope = text/plain
	EndGlobalSection
EndGlobal
